// !$*UTF8*$!
{
	archiveVersion = 1;
	classes = {
	};
	objectVersion = 55;
	objects = {

/* Begin PBXBuildFile section */
		A4268BA1292D3E18004F019D /* MainTableViewCell.swift in Sources */ = {isa = PBXBuildFile; fileRef = A4268BA0292D3E18004F019D /* MainTableViewCell.swift */; };
		ED068829292B8FF50022AF2D /* AppDelegate.swift in Sources */ = {isa = PBXBuildFile; fileRef = ED068828292B8FF50022AF2D /* AppDelegate.swift */; };
		ED06882D292B8FF50022AF2D /* MainViewController.swift in Sources */ = {isa = PBXBuildFile; fileRef = ED06882C292B8FF50022AF2D /* MainViewController.swift */; };
		ED068832292B8FF60022AF2D /* Assets.xcassets in Resources */ = {isa = PBXBuildFile; fileRef = ED068831292B8FF60022AF2D /* Assets.xcassets */; };
		ED068835292B8FF60022AF2D /* LaunchScreen.storyboard in Resources */ = {isa = PBXBuildFile; fileRef = ED068833292B8FF60022AF2D /* LaunchScreen.storyboard */; };
		ED068840292B8FF60022AF2D /* MVPTests.swift in Sources */ = {isa = PBXBuildFile; fileRef = ED06883F292B8FF60022AF2D /* MVPTests.swift */; };
		ED06884A292B8FF60022AF2D /* MVPUITests.swift in Sources */ = {isa = PBXBuildFile; fileRef = ED068849292B8FF60022AF2D /* MVPUITests.swift */; };
		ED06884C292B8FF60022AF2D /* MVPUITestsLaunchTests.swift in Sources */ = {isa = PBXBuildFile; fileRef = ED06884B292B8FF60022AF2D /* MVPUITestsLaunchTests.swift */; };
		ED068859292B90910022AF2D /* Weather.swift in Sources */ = {isa = PBXBuildFile; fileRef = ED068858292B90910022AF2D /* Weather.swift */; };
		ED06885B292B917B0022AF2D /* MainPresenter.swift in Sources */ = {isa = PBXBuildFile; fileRef = ED06885A292B917B0022AF2D /* MainPresenter.swift */; };
		ED068863292B9D300022AF2D /* MainBuilder.swift in Sources */ = {isa = PBXBuildFile; fileRef = ED068862292B9D300022AF2D /* MainBuilder.swift */; };
		ED298EE7292E5C7D005A3BCD /* InterMedium.ttf in Resources */ = {isa = PBXBuildFile; fileRef = ED298EE0292E5C7D005A3BCD /* InterMedium.ttf */; };
		ED5293DB292BB48900CDA0FC /* TestTaskJSON.json in Resources */ = {isa = PBXBuildFile; fileRef = ED5293DA292BB48900CDA0FC /* TestTaskJSON.json */; };
		ED5293DD292BB65200CDA0FC /* NetworkService.swift in Sources */ = {isa = PBXBuildFile; fileRef = ED5293DC292BB65200CDA0FC /* NetworkService.swift */; };
		EDBA34B0292E863300A91930 /* TitleTableViewCell.swift in Sources */ = {isa = PBXBuildFile; fileRef = EDBA34AF292E863300A91930 /* TitleTableViewCell.swift */; };
		EDBA34B2292EA1C600A91930 /* MainCollectionViewCell.swift in Sources */ = {isa = PBXBuildFile; fileRef = EDBA34B1292EA1C600A91930 /* MainCollectionViewCell.swift */; };
/* End PBXBuildFile section */

/* Begin PBXContainerItemProxy section */
		ED06883C292B8FF60022AF2D /* PBXContainerItemProxy */ = {
			isa = PBXContainerItemProxy;
			containerPortal = ED06881D292B8FF50022AF2D /* Project object */;
			proxyType = 1;
			remoteGlobalIDString = ED068824292B8FF50022AF2D;
			remoteInfo = MVP;
		};
		ED068846292B8FF60022AF2D /* PBXContainerItemProxy */ = {
			isa = PBXContainerItemProxy;
			containerPortal = ED06881D292B8FF50022AF2D /* Project object */;
			proxyType = 1;
			remoteGlobalIDString = ED068824292B8FF50022AF2D;
			remoteInfo = MVP;
		};
/* End PBXContainerItemProxy section */

/* Begin PBXFileReference section */
		A4268BA0292D3E18004F019D /* MainTableViewCell.swift */ = {isa = PBXFileReference; lastKnownFileType = sourcecode.swift; path = MainTableViewCell.swift; sourceTree = "<group>"; };
		ED068825292B8FF50022AF2D /* MVP.app */ = {isa = PBXFileReference; explicitFileType = wrapper.application; includeInIndex = 0; path = MVP.app; sourceTree = BUILT_PRODUCTS_DIR; };
		ED068828292B8FF50022AF2D /* AppDelegate.swift */ = {isa = PBXFileReference; lastKnownFileType = sourcecode.swift; path = AppDelegate.swift; sourceTree = "<group>"; };
		ED06882C292B8FF50022AF2D /* MainViewController.swift */ = {isa = PBXFileReference; lastKnownFileType = sourcecode.swift; path = MainViewController.swift; sourceTree = "<group>"; };
		ED068831292B8FF60022AF2D /* Assets.xcassets */ = {isa = PBXFileReference; lastKnownFileType = folder.assetcatalog; path = Assets.xcassets; sourceTree = "<group>"; };
		ED068834292B8FF60022AF2D /* Base */ = {isa = PBXFileReference; lastKnownFileType = file.storyboard; name = Base; path = Base.lproj/LaunchScreen.storyboard; sourceTree = "<group>"; };
		ED068836292B8FF60022AF2D /* Info.plist */ = {isa = PBXFileReference; lastKnownFileType = text.plist.xml; path = Info.plist; sourceTree = "<group>"; };
		ED06883B292B8FF60022AF2D /* MVPTests.xctest */ = {isa = PBXFileReference; explicitFileType = wrapper.cfbundle; includeInIndex = 0; path = MVPTests.xctest; sourceTree = BUILT_PRODUCTS_DIR; };
		ED06883F292B8FF60022AF2D /* MVPTests.swift */ = {isa = PBXFileReference; lastKnownFileType = sourcecode.swift; path = MVPTests.swift; sourceTree = "<group>"; };
		ED068845292B8FF60022AF2D /* MVPUITests.xctest */ = {isa = PBXFileReference; explicitFileType = wrapper.cfbundle; includeInIndex = 0; path = MVPUITests.xctest; sourceTree = BUILT_PRODUCTS_DIR; };
		ED068849292B8FF60022AF2D /* MVPUITests.swift */ = {isa = PBXFileReference; lastKnownFileType = sourcecode.swift; path = MVPUITests.swift; sourceTree = "<group>"; };
		ED06884B292B8FF60022AF2D /* MVPUITestsLaunchTests.swift */ = {isa = PBXFileReference; lastKnownFileType = sourcecode.swift; path = MVPUITestsLaunchTests.swift; sourceTree = "<group>"; };
		ED068858292B90910022AF2D /* Weather.swift */ = {isa = PBXFileReference; lastKnownFileType = sourcecode.swift; path = Weather.swift; sourceTree = "<group>"; };
		ED06885A292B917B0022AF2D /* MainPresenter.swift */ = {isa = PBXFileReference; lastKnownFileType = sourcecode.swift; path = MainPresenter.swift; sourceTree = "<group>"; };
		ED068862292B9D300022AF2D /* MainBuilder.swift */ = {isa = PBXFileReference; lastKnownFileType = sourcecode.swift; path = MainBuilder.swift; sourceTree = "<group>"; };
		ED298EE0292E5C7D005A3BCD /* InterMedium.ttf */ = {isa = PBXFileReference; lastKnownFileType = file; path = InterMedium.ttf; sourceTree = "<group>"; };
		ED5293DA292BB48900CDA0FC /* TestTaskJSON.json */ = {isa = PBXFileReference; fileEncoding = 4; lastKnownFileType = text.json; path = TestTaskJSON.json; sourceTree = "<group>"; };
		ED5293DC292BB65200CDA0FC /* NetworkService.swift */ = {isa = PBXFileReference; lastKnownFileType = sourcecode.swift; path = NetworkService.swift; sourceTree = "<group>"; };
		EDBA34AF292E863300A91930 /* TitleTableViewCell.swift */ = {isa = PBXFileReference; lastKnownFileType = sourcecode.swift; path = TitleTableViewCell.swift; sourceTree = "<group>"; };
		EDBA34B1292EA1C600A91930 /* MainCollectionViewCell.swift */ = {isa = PBXFileReference; lastKnownFileType = sourcecode.swift; path = MainCollectionViewCell.swift; sourceTree = "<group>"; };
/* End PBXFileReference section */

/* Begin PBXFrameworksBuildPhase section */
		ED068822292B8FF50022AF2D /* Frameworks */ = {
			isa = PBXFrameworksBuildPhase;
			buildActionMask = 2147483647;
			files = (
			);
			runOnlyForDeploymentPostprocessing = 0;
		};
		ED068838292B8FF60022AF2D /* Frameworks */ = {
			isa = PBXFrameworksBuildPhase;
			buildActionMask = 2147483647;
			files = (
			);
			runOnlyForDeploymentPostprocessing = 0;
		};
		ED068842292B8FF60022AF2D /* Frameworks */ = {
			isa = PBXFrameworksBuildPhase;
			buildActionMask = 2147483647;
			files = (
			);
			runOnlyForDeploymentPostprocessing = 0;
		};
/* End PBXFrameworksBuildPhase section */

/* Begin PBXGroup section */
		A4268B9F292D3E0E004F019D /* Cell */ = {
			isa = PBXGroup;
			children = (
				A4268BA0292D3E18004F019D /* MainTableViewCell.swift */,
				EDBA34AF292E863300A91930 /* TitleTableViewCell.swift */,
				EDBA34B1292EA1C600A91930 /* MainCollectionViewCell.swift */,
			);
			path = Cell;
			sourceTree = "<group>";
		};
		ED06881C292B8FF50022AF2D = {
			isa = PBXGroup;
			children = (
				ED068827292B8FF50022AF2D /* MVP */,
				ED298EDA292E5C63005A3BCD /* SupportingFiles */,
				ED06883E292B8FF60022AF2D /* MVPTests */,
				ED068848292B8FF60022AF2D /* MVPUITests */,
				ED068826292B8FF50022AF2D /* Products */,
			);
			sourceTree = "<group>";
		};
		ED068826292B8FF50022AF2D /* Products */ = {
			isa = PBXGroup;
			children = (
				ED068825292B8FF50022AF2D /* MVP.app */,
				ED06883B292B8FF60022AF2D /* MVPTests.xctest */,
				ED068845292B8FF60022AF2D /* MVPUITests.xctest */,
			);
			name = Products;
			sourceTree = "<group>";
		};
		ED068827292B8FF50022AF2D /* MVP */ = {
			isa = PBXGroup;
			children = (
				ED06885C292B9B4A0022AF2D /* Main */,
				ED5293DE292BB67500CDA0FC /* ServiceLayer */,
				ED068828292B8FF50022AF2D /* AppDelegate.swift */,
				ED5293DA292BB48900CDA0FC /* TestTaskJSON.json */,
				ED068831292B8FF60022AF2D /* Assets.xcassets */,
				ED068833292B8FF60022AF2D /* LaunchScreen.storyboard */,
				ED068836292B8FF60022AF2D /* Info.plist */,
			);
			path = MVP;
			sourceTree = "<group>";
		};
		ED06883E292B8FF60022AF2D /* MVPTests */ = {
			isa = PBXGroup;
			children = (
				ED06883F292B8FF60022AF2D /* MVPTests.swift */,
			);
			path = MVPTests;
			sourceTree = "<group>";
		};
		ED068848292B8FF60022AF2D /* MVPUITests */ = {
			isa = PBXGroup;
			children = (
				ED068849292B8FF60022AF2D /* MVPUITests.swift */,
				ED06884B292B8FF60022AF2D /* MVPUITestsLaunchTests.swift */,
			);
			path = MVPUITests;
			sourceTree = "<group>";
		};
		ED06885C292B9B4A0022AF2D /* Main */ = {
			isa = PBXGroup;
			children = (
				A4268B9F292D3E0E004F019D /* Cell */,
				ED06885E292B9B6F0022AF2D /* Model */,
				ED06885F292B9B790022AF2D /* Presenter */,
				ED06885D292B9B5F0022AF2D /* View */,
				ED068862292B9D300022AF2D /* MainBuilder.swift */,
			);
			path = Main;
			sourceTree = "<group>";
		};
		ED06885D292B9B5F0022AF2D /* View */ = {
			isa = PBXGroup;
			children = (
				ED06882C292B8FF50022AF2D /* MainViewController.swift */,
			);
			path = View;
			sourceTree = "<group>";
		};
		ED06885E292B9B6F0022AF2D /* Model */ = {
			isa = PBXGroup;
			children = (
				ED068858292B90910022AF2D /* Weather.swift */,
			);
			path = Model;
			sourceTree = "<group>";
		};
		ED06885F292B9B790022AF2D /* Presenter */ = {
			isa = PBXGroup;
			children = (
				ED06885A292B917B0022AF2D /* MainPresenter.swift */,
			);
			path = Presenter;
			sourceTree = "<group>";
		};
		ED298EDA292E5C63005A3BCD /* SupportingFiles */ = {
			isa = PBXGroup;
			children = (
				ED298EE0292E5C7D005A3BCD /* InterMedium.ttf */,
			);
			path = SupportingFiles;
			sourceTree = "<group>";
		};
		ED5293DE292BB67500CDA0FC /* ServiceLayer */ = {
			isa = PBXGroup;
			children = (
				ED5293DC292BB65200CDA0FC /* NetworkService.swift */,
			);
			path = ServiceLayer;
			sourceTree = "<group>";
		};
/* End PBXGroup section */

/* Begin PBXNativeTarget section */
		ED068824292B8FF50022AF2D /* MVP */ = {
			isa = PBXNativeTarget;
			buildConfigurationList = ED06884F292B8FF60022AF2D /* Build configuration list for PBXNativeTarget "MVP" */;
			buildPhases = (
				ED068821292B8FF50022AF2D /* Sources */,
				ED068822292B8FF50022AF2D /* Frameworks */,
				ED068823292B8FF50022AF2D /* Resources */,
			);
			buildRules = (
			);
			dependencies = (
			);
			name = MVP;
			productName = MVP;
			productReference = ED068825292B8FF50022AF2D /* MVP.app */;
			productType = "com.apple.product-type.application";
		};
		ED06883A292B8FF60022AF2D /* MVPTests */ = {
			isa = PBXNativeTarget;
			buildConfigurationList = ED068852292B8FF60022AF2D /* Build configuration list for PBXNativeTarget "MVPTests" */;
			buildPhases = (
				ED068837292B8FF60022AF2D /* Sources */,
				ED068838292B8FF60022AF2D /* Frameworks */,
				ED068839292B8FF60022AF2D /* Resources */,
			);
			buildRules = (
			);
			dependencies = (
				ED06883D292B8FF60022AF2D /* PBXTargetDependency */,
			);
			name = MVPTests;
			productName = MVPTests;
			productReference = ED06883B292B8FF60022AF2D /* MVPTests.xctest */;
			productType = "com.apple.product-type.bundle.unit-test";
		};
		ED068844292B8FF60022AF2D /* MVPUITests */ = {
			isa = PBXNativeTarget;
			buildConfigurationList = ED068855292B8FF60022AF2D /* Build configuration list for PBXNativeTarget "MVPUITests" */;
			buildPhases = (
				ED068841292B8FF60022AF2D /* Sources */,
				ED068842292B8FF60022AF2D /* Frameworks */,
				ED068843292B8FF60022AF2D /* Resources */,
			);
			buildRules = (
			);
			dependencies = (
				ED068847292B8FF60022AF2D /* PBXTargetDependency */,
			);
			name = MVPUITests;
			productName = MVPUITests;
			productReference = ED068845292B8FF60022AF2D /* MVPUITests.xctest */;
			productType = "com.apple.product-type.bundle.ui-testing";
		};
/* End PBXNativeTarget section */

/* Begin PBXProject section */
		ED06881D292B8FF50022AF2D /* Project object */ = {
			isa = PBXProject;
			attributes = {
				BuildIndependentTargetsInParallel = 1;
				LastSwiftUpdateCheck = 1340;
				LastUpgradeCheck = 1340;
				TargetAttributes = {
					ED068824292B8FF50022AF2D = {
						CreatedOnToolsVersion = 13.4.1;
					};
					ED06883A292B8FF60022AF2D = {
						CreatedOnToolsVersion = 13.4.1;
						TestTargetID = ED068824292B8FF50022AF2D;
					};
					ED068844292B8FF60022AF2D = {
						CreatedOnToolsVersion = 13.4.1;
						TestTargetID = ED068824292B8FF50022AF2D;
					};
				};
			};
			buildConfigurationList = ED068820292B8FF50022AF2D /* Build configuration list for PBXProject "MVP" */;
			compatibilityVersion = "Xcode 13.0";
			developmentRegion = en;
			hasScannedForEncodings = 0;
			knownRegions = (
				en,
				Base,
			);
			mainGroup = ED06881C292B8FF50022AF2D;
			productRefGroup = ED068826292B8FF50022AF2D /* Products */;
			projectDirPath = "";
			projectRoot = "";
			targets = (
				ED068824292B8FF50022AF2D /* MVP */,
				ED06883A292B8FF60022AF2D /* MVPTests */,
				ED068844292B8FF60022AF2D /* MVPUITests */,
			);
		};
/* End PBXProject section */

/* Begin PBXResourcesBuildPhase section */
		ED068823292B8FF50022AF2D /* Resources */ = {
			isa = PBXResourcesBuildPhase;
			buildActionMask = 2147483647;
			files = (
				ED068835292B8FF60022AF2D /* LaunchScreen.storyboard in Resources */,
				ED5293DB292BB48900CDA0FC /* TestTaskJSON.json in Resources */,
				ED068832292B8FF60022AF2D /* Assets.xcassets in Resources */,
				ED298EE7292E5C7D005A3BCD /* InterMedium.ttf in Resources */,
			);
			runOnlyForDeploymentPostprocessing = 0;
		};
		ED068839292B8FF60022AF2D /* Resources */ = {
			isa = PBXResourcesBuildPhase;
			buildActionMask = 2147483647;
			files = (
			);
			runOnlyForDeploymentPostprocessing = 0;
		};
		ED068843292B8FF60022AF2D /* Resources */ = {
			isa = PBXResourcesBuildPhase;
			buildActionMask = 2147483647;
			files = (
			);
			runOnlyForDeploymentPostprocessing = 0;
		};
/* End PBXResourcesBuildPhase section */

/* Begin PBXSourcesBuildPhase section */
		ED068821292B8FF50022AF2D /* Sources */ = {
			isa = PBXSourcesBuildPhase;
			buildActionMask = 2147483647;
			files = (
				EDBA34B0292E863300A91930 /* TitleTableViewCell.swift in Sources */,
				EDBA34B2292EA1C600A91930 /* MainCollectionViewCell.swift in Sources */,
				ED06885B292B917B0022AF2D /* MainPresenter.swift in Sources */,
				ED06882D292B8FF50022AF2D /* MainViewController.swift in Sources */,
				A4268BA1292D3E18004F019D /* MainTableViewCell.swift in Sources */,
				ED068829292B8FF50022AF2D /* AppDelegate.swift in Sources */,
				ED068859292B90910022AF2D /* Weather.swift in Sources */,
				ED068863292B9D300022AF2D /* MainBuilder.swift in Sources */,
				ED5293DD292BB65200CDA0FC /* NetworkService.swift in Sources */,
			);
			runOnlyForDeploymentPostprocessing = 0;
		};
		ED068837292B8FF60022AF2D /* Sources */ = {
			isa = PBXSourcesBuildPhase;
			buildActionMask = 2147483647;
			files = (
				ED068840292B8FF60022AF2D /* MVPTests.swift in Sources */,
			);
			runOnlyForDeploymentPostprocessing = 0;
		};
		ED068841292B8FF60022AF2D /* Sources */ = {
			isa = PBXSourcesBuildPhase;
			buildActionMask = 2147483647;
			files = (
				ED06884C292B8FF60022AF2D /* MVPUITestsLaunchTests.swift in Sources */,
				ED06884A292B8FF60022AF2D /* MVPUITests.swift in Sources */,
			);
			runOnlyForDeploymentPostprocessing = 0;
		};
/* End PBXSourcesBuildPhase section */

/* Begin PBXTargetDependency section */
		ED06883D292B8FF60022AF2D /* PBXTargetDependency */ = {
			isa = PBXTargetDependency;
			target = ED068824292B8FF50022AF2D /* MVP */;
			targetProxy = ED06883C292B8FF60022AF2D /* PBXContainerItemProxy */;
		};
		ED068847292B8FF60022AF2D /* PBXTargetDependency */ = {
			isa = PBXTargetDependency;
			target = ED068824292B8FF50022AF2D /* MVP */;
			targetProxy = ED068846292B8FF60022AF2D /* PBXContainerItemProxy */;
		};
/* End PBXTargetDependency section */

/* Begin PBXVariantGroup section */
		ED068833292B8FF60022AF2D /* LaunchScreen.storyboard */ = {
			isa = PBXVariantGroup;
			children = (
				ED068834292B8FF60022AF2D /* Base */,
			);
			name = LaunchScreen.storyboard;
			sourceTree = "<group>";
		};
/* End PBXVariantGroup section */

/* Begin XCBuildConfiguration section */
		ED06884D292B8FF60022AF2D /* Debug */ = {
			isa = XCBuildConfiguration;
			buildSettings = {
				ALWAYS_SEARCH_USER_PATHS = NO;
				CLANG_ANALYZER_NONNULL = YES;
				CLANG_ANALYZER_NUMBER_OBJECT_CONVERSION = YES_AGGRESSIVE;
				CLANG_CXX_LANGUAGE_STANDARD = "gnu++17";
				CLANG_ENABLE_MODULES = YES;
				CLANG_ENABLE_OBJC_ARC = YES;
				CLANG_ENABLE_OBJC_WEAK = YES;
				CLANG_WARN_BLOCK_CAPTURE_AUTORELEASING = YES;
				CLANG_WARN_BOOL_CONVERSION = YES;
				CLANG_WARN_COMMA = YES;
				CLANG_WARN_CONSTANT_CONVERSION = YES;
				CLANG_WARN_DEPRECATED_OBJC_IMPLEMENTATIONS = YES;
				CLANG_WARN_DIRECT_OBJC_ISA_USAGE = YES_ERROR;
				CLANG_WARN_DOCUMENTATION_COMMENTS = YES;
				CLANG_WARN_EMPTY_BODY = YES;
				CLANG_WARN_ENUM_CONVERSION = YES;
				CLANG_WARN_INFINITE_RECURSION = YES;
				CLANG_WARN_INT_CONVERSION = YES;
				CLANG_WARN_NON_LITERAL_NULL_CONVERSION = YES;
				CLANG_WARN_OBJC_IMPLICIT_RETAIN_SELF = YES;
				CLANG_WARN_OBJC_LITERAL_CONVERSION = YES;
				CLANG_WARN_OBJC_ROOT_CLASS = YES_ERROR;
				CLANG_WARN_QUOTED_INCLUDE_IN_FRAMEWORK_HEADER = YES;
				CLANG_WARN_RANGE_LOOP_ANALYSIS = YES;
				CLANG_WARN_STRICT_PROTOTYPES = YES;
				CLANG_WARN_SUSPICIOUS_MOVE = YES;
				CLANG_WARN_UNGUARDED_AVAILABILITY = YES_AGGRESSIVE;
				CLANG_WARN_UNREACHABLE_CODE = YES;
				CLANG_WARN__DUPLICATE_METHOD_MATCH = YES;
				COPY_PHASE_STRIP = NO;
				DEBUG_INFORMATION_FORMAT = dwarf;
				ENABLE_STRICT_OBJC_MSGSEND = YES;
				ENABLE_TESTABILITY = YES;
				GCC_C_LANGUAGE_STANDARD = gnu11;
				GCC_DYNAMIC_NO_PIC = NO;
				GCC_NO_COMMON_BLOCKS = YES;
				GCC_OPTIMIZATION_LEVEL = 0;
				GCC_PREPROCESSOR_DEFINITIONS = (
					"DEBUG=1",
					"$(inherited)",
				);
				GCC_WARN_64_TO_32_BIT_CONVERSION = YES;
				GCC_WARN_ABOUT_RETURN_TYPE = YES_ERROR;
				GCC_WARN_UNDECLARED_SELECTOR = YES;
				GCC_WARN_UNINITIALIZED_AUTOS = YES_AGGRESSIVE;
				GCC_WARN_UNUSED_FUNCTION = YES;
				GCC_WARN_UNUSED_VARIABLE = YES;
				IPHONEOS_DEPLOYMENT_TARGET = 13.0;
				MTL_ENABLE_DEBUG_INFO = INCLUDE_SOURCE;
				MTL_FAST_MATH = YES;
				ONLY_ACTIVE_ARCH = YES;
				SDKROOT = iphoneos;
				SWIFT_ACTIVE_COMPILATION_CONDITIONS = DEBUG;
				SWIFT_OPTIMIZATION_LEVEL = "-Onone";
			};
			name = Debug;
		};
		ED06884E292B8FF60022AF2D /* Release */ = {
			isa = XCBuildConfiguration;
			buildSettings = {
				ALWAYS_SEARCH_USER_PATHS = NO;
				CLANG_ANALYZER_NONNULL = YES;
				CLANG_ANALYZER_NUMBER_OBJECT_CONVERSION = YES_AGGRESSIVE;
				CLANG_CXX_LANGUAGE_STANDARD = "gnu++17";
				CLANG_ENABLE_MODULES = YES;
				CLANG_ENABLE_OBJC_ARC = YES;
				CLANG_ENABLE_OBJC_WEAK = YES;
				CLANG_WARN_BLOCK_CAPTURE_AUTORELEASING = YES;
				CLANG_WARN_BOOL_CONVERSION = YES;
				CLANG_WARN_COMMA = YES;
				CLANG_WARN_CONSTANT_CONVERSION = YES;
				CLANG_WARN_DEPRECATED_OBJC_IMPLEMENTATIONS = YES;
				CLANG_WARN_DIRECT_OBJC_ISA_USAGE = YES_ERROR;
				CLANG_WARN_DOCUMENTATION_COMMENTS = YES;
				CLANG_WARN_EMPTY_BODY = YES;
				CLANG_WARN_ENUM_CONVERSION = YES;
				CLANG_WARN_INFINITE_RECURSION = YES;
				CLANG_WARN_INT_CONVERSION = YES;
				CLANG_WARN_NON_LITERAL_NULL_CONVERSION = YES;
				CLANG_WARN_OBJC_IMPLICIT_RETAIN_SELF = YES;
				CLANG_WARN_OBJC_LITERAL_CONVERSION = YES;
				CLANG_WARN_OBJC_ROOT_CLASS = YES_ERROR;
				CLANG_WARN_QUOTED_INCLUDE_IN_FRAMEWORK_HEADER = YES;
				CLANG_WARN_RANGE_LOOP_ANALYSIS = YES;
				CLANG_WARN_STRICT_PROTOTYPES = YES;
				CLANG_WARN_SUSPICIOUS_MOVE = YES;
				CLANG_WARN_UNGUARDED_AVAILABILITY = YES_AGGRESSIVE;
				CLANG_WARN_UNREACHABLE_CODE = YES;
				CLANG_WARN__DUPLICATE_METHOD_MATCH = YES;
				COPY_PHASE_STRIP = NO;
				DEBUG_INFORMATION_FORMAT = "dwarf-with-dsym";
				ENABLE_NS_ASSERTIONS = NO;
				ENABLE_STRICT_OBJC_MSGSEND = YES;
				GCC_C_LANGUAGE_STANDARD = gnu11;
				GCC_NO_COMMON_BLOCKS = YES;
				GCC_WARN_64_TO_32_BIT_CONVERSION = YES;
				GCC_WARN_ABOUT_RETURN_TYPE = YES_ERROR;
				GCC_WARN_UNDECLARED_SELECTOR = YES;
				GCC_WARN_UNINITIALIZED_AUTOS = YES_AGGRESSIVE;
				GCC_WARN_UNUSED_FUNCTION = YES;
				GCC_WARN_UNUSED_VARIABLE = YES;
				IPHONEOS_DEPLOYMENT_TARGET = 13.0;
				MTL_ENABLE_DEBUG_INFO = NO;
				MTL_FAST_MATH = YES;
				SDKROOT = iphoneos;
				SWIFT_COMPILATION_MODE = wholemodule;
				SWIFT_OPTIMIZATION_LEVEL = "-O";
				VALIDATE_PRODUCT = YES;
			};
			name = Release;
		};
		ED068850292B8FF60022AF2D /* Debug */ = {
			isa = XCBuildConfiguration;
			buildSettings = {
				ASSETCATALOG_COMPILER_APPICON_NAME = AppIcon;
				ASSETCATALOG_COMPILER_GLOBAL_ACCENT_COLOR_NAME = AccentColor;
				CODE_SIGN_STYLE = Automatic;
				CURRENT_PROJECT_VERSION = 1;
				DEVELOPMENT_TEAM = DW536XH48N;
				GENERATE_INFOPLIST_FILE = YES;
				INFOPLIST_FILE = MVP/Info.plist;
				INFOPLIST_KEY_UIApplicationSupportsIndirectInputEvents = YES;
				INFOPLIST_KEY_UILaunchStoryboardName = LaunchScreen;
				INFOPLIST_KEY_UISupportedInterfaceOrientations_iPad = "UIInterfaceOrientationPortrait UIInterfaceOrientationPortraitUpsideDown UIInterfaceOrientationLandscapeLeft UIInterfaceOrientationLandscapeRight";
				INFOPLIST_KEY_UISupportedInterfaceOrientations_iPhone = "UIInterfaceOrientationPortrait UIInterfaceOrientationLandscapeLeft UIInterfaceOrientationLandscapeRight";
				LD_RUNPATH_SEARCH_PATHS = (
					"$(inherited)",
					"@executable_path/Frameworks",
				);
				MARKETING_VERSION = 1.0;
				PRODUCT_BUNDLE_IDENTIFIER = kevra.MVP;
				PRODUCT_NAME = "$(TARGET_NAME)";
				SWIFT_EMIT_LOC_STRINGS = YES;
				SWIFT_VERSION = 5.0;
				TARGETED_DEVICE_FAMILY = "1,2";
			};
			name = Debug;
		};
		ED068851292B8FF60022AF2D /* Release */ = {
			isa = XCBuildConfiguration;
			buildSettings = {
				ASSETCATALOG_COMPILER_APPICON_NAME = AppIcon;
				ASSETCATALOG_COMPILER_GLOBAL_ACCENT_COLOR_NAME = AccentColor;
				CODE_SIGN_STYLE = Automatic;
				CURRENT_PROJECT_VERSION = 1;
				DEVELOPMENT_TEAM = DW536XH48N;
				GENERATE_INFOPLIST_FILE = YES;
				INFOPLIST_FILE = MVP/Info.plist;
				INFOPLIST_KEY_UIApplicationSupportsIndirectInputEvents = YES;
				INFOPLIST_KEY_UILaunchStoryboardName = LaunchScreen;
				INFOPLIST_KEY_UISupportedInterfaceOrientations_iPad = "UIInterfaceOrientationPortrait UIInterfaceOrientationPortraitUpsideDown UIInterfaceOrientationLandscapeLeft UIInterfaceOrientationLandscapeRight";
				INFOPLIST_KEY_UISupportedInterfaceOrientations_iPhone = "UIInterfaceOrientationPortrait UIInterfaceOrientationLandscapeLeft UIInterfaceOrientationLandscapeRight";
				LD_RUNPATH_SEARCH_PATHS = (
					"$(inherited)",
					"@executable_path/Frameworks",
				);
				MARKETING_VERSION = 1.0;
				PRODUCT_BUNDLE_IDENTIFIER = kevra.MVP;
				PRODUCT_NAME = "$(TARGET_NAME)";
				SWIFT_EMIT_LOC_STRINGS = YES;
				SWIFT_VERSION = 5.0;
				TARGETED_DEVICE_FAMILY = "1,2";
			};
			name = Release;
		};
		ED068853292B8FF60022AF2D /* Debug */ = {
			isa = XCBuildConfiguration;
			buildSettings = {
				ALWAYS_EMBED_SWIFT_STANDARD_LIBRARIES = YES;
				BUNDLE_LOADER = "$(TEST_HOST)";
				CODE_SIGN_STYLE = Automatic;
				CURRENT_PROJECT_VERSION = 1;
				GENERATE_INFOPLIST_FILE = YES;
				IPHONEOS_DEPLOYMENT_TARGET = 15.5;
				MARKETING_VERSION = 1.0;
				PRODUCT_BUNDLE_IDENTIFIER = kevra.MVPTests;
				PRODUCT_NAME = "$(TARGET_NAME)";
				SWIFT_EMIT_LOC_STRINGS = NO;
				SWIFT_VERSION = 5.0;
				TARGETED_DEVICE_FAMILY = "1,2";
				TEST_HOST = "$(BUILT_PRODUCTS_DIR)/MVP.app/MVP";
			};
			name = Debug;
		};
		ED068854292B8FF60022AF2D /* Release */ = {
			isa = XCBuildConfiguration;
			buildSettings = {
				ALWAYS_EMBED_SWIFT_STANDARD_LIBRARIES = YES;
				BUNDLE_LOADER = "$(TEST_HOST)";
				CODE_SIGN_STYLE = Automatic;
				CURRENT_PROJECT_VERSION = 1;
				GENERATE_INFOPLIST_FILE = YES;
				IPHONEOS_DEPLOYMENT_TARGET = 15.5;
				MARKETING_VERSION = 1.0;
				PRODUCT_BUNDLE_IDENTIFIER = kevra.MVPTests;
				PRODUCT_NAME = "$(TARGET_NAME)";
				SWIFT_EMIT_LOC_STRINGS = NO;
				SWIFT_VERSION = 5.0;
				TARGETED_DEVICE_FAMILY = "1,2";
				TEST_HOST = "$(BUILT_PRODUCTS_DIR)/MVP.app/MVP";
			};
			name = Release;
		};
		ED068856292B8FF60022AF2D /* Debug */ = {
			isa = XCBuildConfiguration;
			buildSettings = {
				ALWAYS_EMBED_SWIFT_STANDARD_LIBRARIES = YES;
				CODE_SIGN_STYLE = Automatic;
				CURRENT_PROJECT_VERSION = 1;
				GENERATE_INFOPLIST_FILE = YES;
				MARKETING_VERSION = 1.0;
				PRODUCT_BUNDLE_IDENTIFIER = kevra.MVPUITests;
				PRODUCT_NAME = "$(TARGET_NAME)";
				SWIFT_EMIT_LOC_STRINGS = NO;
				SWIFT_VERSION = 5.0;
				TARGETED_DEVICE_FAMILY = "1,2";
				TEST_TARGET_NAME = MVP;
			};
			name = Debug;
		};
		ED068857292B8FF60022AF2D /* Release */ = {
			isa = XCBuildConfiguration;
			buildSettings = {
				ALWAYS_EMBED_SWIFT_STANDARD_LIBRARIES = YES;
				CODE_SIGN_STYLE = Automatic;
				CURRENT_PROJECT_VERSION = 1;
				GENERATE_INFOPLIST_FILE = YES;
				MARKETING_VERSION = 1.0;
				PRODUCT_BUNDLE_IDENTIFIER = kevra.MVPUITests;
				PRODUCT_NAME = "$(TARGET_NAME)";
				SWIFT_EMIT_LOC_STRINGS = NO;
				SWIFT_VERSION = 5.0;
				TARGETED_DEVICE_FAMILY = "1,2";
				TEST_TARGET_NAME = MVP;
			};
			name = Release;
		};
/* End XCBuildConfiguration section */

/* Begin XCConfigurationList section */
		ED068820292B8FF50022AF2D /* Build configuration list for PBXProject "MVP" */ = {
			isa = XCConfigurationList;
			buildConfigurations = (
				ED06884D292B8FF60022AF2D /* Debug */,
				ED06884E292B8FF60022AF2D /* Release */,
			);
			defaultConfigurationIsVisible = 0;
			defaultConfigurationName = Release;
		};
		ED06884F292B8FF60022AF2D /* Build configuration list for PBXNativeTarget "MVP" */ = {
			isa = XCConfigurationList;
			buildConfigurations = (
				ED068850292B8FF60022AF2D /* Debug */,
				ED068851292B8FF60022AF2D /* Release */,
			);
			defaultConfigurationIsVisible = 0;
			defaultConfigurationName = Release;
		};
		ED068852292B8FF60022AF2D /* Build configuration list for PBXNativeTarget "MVPTests" */ = {
			isa = XCConfigurationList;
			buildConfigurations = (
				ED068853292B8FF60022AF2D /* Debug */,
				ED068854292B8FF60022AF2D /* Release */,
			);
			defaultConfigurationIsVisible = 0;
			defaultConfigurationName = Release;
		};
		ED068855292B8FF60022AF2D /* Build configuration list for PBXNativeTarget "MVPUITests" */ = {
			isa = XCConfigurationList;
			buildConfigurations = (
				ED068856292B8FF60022AF2D /* Debug */,
				ED068857292B8FF60022AF2D /* Release */,
			);
			defaultConfigurationIsVisible = 0;
			defaultConfigurationName = Release;
		};
/* End XCConfigurationList section */
	};
	rootObject = ED06881D292B8FF50022AF2D /* Project object */;
}
